
Microsoft Visual Studio Solution File, Format Version 12.00
# Visual Studio Version 17
VisualStudioVersion = 17.7.34202.233
MinimumVisualStudioVersion = 10.0.40219.1
Project("{FAE04EC0-301F-11D3-BF4B-00C04F79EFBC}") = "Intro_Enum", "Intro_Enum\Intro_Enum.csproj", "{FE809A17-CED3-4C9F-80C3-2DE7B1D7ECB7}"
EndProject
Global
	GlobalSection(SolutionConfigurationPlatforms) = preSolution
		Debug|Any CPU = Debug|Any CPU
		Release|Any CPU = Release|Any CPU
	EndGlobalSection
	GlobalSection(ProjectConfigurationPlatforms) = postSolution
		{FE809A17-CED3-4C9F-80C3-2DE7B1D7ECB7}.Debug|Any CPU.ActiveCfg = Debug|Any CPU
		{FE809A17-CED3-4C9F-80C3-2DE7B1D7ECB7}.Debug|Any CPU.Build.0 = Debug|Any CPU
		{FE809A17-CED3-4C9F-80C3-2DE7B1D7ECB7}.Release|Any CPU.ActiveCfg = Release|Any CPU
		{FE809A17-CED3-4C9F-80C3-2DE7B1D7ECB7}.Release|Any CPU.Build.0 = Release|Any CPU
	EndGlobalSection
	GlobalSection(SolutionProperties) = preSolution
		HideSolutionNode = FALSE
	EndGlobalSection
	GlobalSection(ExtensibilityGlobals) = postSolution
		SolutionGuid = {1DEAC63C-FA90-49AA-B80D-8A8239F17D58}
	EndGlobalSection
EndGlobal
