
Microsoft Visual Studio Solution File, Format Version 12.00
# Visual Studio Version 17
VisualStudioVersion = 17.7.34202.233
MinimumVisualStudioVersion = 10.0.40219.1
Project("{FAE04EC0-301F-11D3-BF4B-00C04F79EFBC}") = "InOrOut", "InOrOut\InOrOut.csproj", "{CCC2E695-DF08-4264-A9B5-8F1A16933007}"
EndProject
Global
	GlobalSection(SolutionConfigurationPlatforms) = preSolution
		Debug|Any CPU = Debug|Any CPU
		Release|Any CPU = Release|Any CPU
	EndGlobalSection
	GlobalSection(ProjectConfigurationPlatforms) = postSolution
		{CCC2E695-DF08-4264-A9B5-8F1A16933007}.Debug|Any CPU.ActiveCfg = Debug|Any CPU
		{CCC2E695-DF08-4264-A9B5-8F1A16933007}.Debug|Any CPU.Build.0 = Debug|Any CPU
		{CCC2E695-DF08-4264-A9B5-8F1A16933007}.Release|Any CPU.ActiveCfg = Release|Any CPU
		{CCC2E695-DF08-4264-A9B5-8F1A16933007}.Release|Any CPU.Build.0 = Release|Any CPU
	EndGlobalSection
	GlobalSection(SolutionProperties) = preSolution
		HideSolutionNode = FALSE
	EndGlobalSection
	GlobalSection(ExtensibilityGlobals) = postSolution
		SolutionGuid = {9D0D0378-AA39-4946-B8B9-93446A6FF99E}
	EndGlobalSection
EndGlobal
