
Microsoft Visual Studio Solution File, Format Version 12.00
# Visual Studio Version 17
VisualStudioVersion = 17.7.34202.233
MinimumVisualStudioVersion = 10.0.40219.1
Project("{FAE04EC0-301F-11D3-BF4B-00C04F79EFBC}") = "Funcionario", "Funcionario\Funcionario.csproj", "{8B51F9CA-9622-470B-8F64-FE7829436C23}"
EndProject
Global
	GlobalSection(SolutionConfigurationPlatforms) = preSolution
		Debug|Any CPU = Debug|Any CPU
		Release|Any CPU = Release|Any CPU
	EndGlobalSection
	GlobalSection(ProjectConfigurationPlatforms) = postSolution
		{8B51F9CA-9622-470B-8F64-FE7829436C23}.Debug|Any CPU.ActiveCfg = Debug|Any CPU
		{8B51F9CA-9622-470B-8F64-FE7829436C23}.Debug|Any CPU.Build.0 = Debug|Any CPU
		{8B51F9CA-9622-470B-8F64-FE7829436C23}.Release|Any CPU.ActiveCfg = Release|Any CPU
		{8B51F9CA-9622-470B-8F64-FE7829436C23}.Release|Any CPU.Build.0 = Release|Any CPU
	EndGlobalSection
	GlobalSection(SolutionProperties) = preSolution
		HideSolutionNode = FALSE
	EndGlobalSection
	GlobalSection(ExtensibilityGlobals) = postSolution
		SolutionGuid = {351C0184-839F-4980-B92A-EEC0A055A087}
	EndGlobalSection
EndGlobal
